
Microsoft Visual Studio Solution File, Format Version 12.00
# Visual Studio Version 17
VisualStudioVersion = 17.1.32228.430
MinimumVisualStudioVersion = 10.0.40219.1
Project("{9A19103F-16F7-4668-BE54-9A1E7A4F7556}") = "KampIntro", "KampIntro\KampIntro.csproj", "{DE0E1DA5-785C-493A-B960-D491CCC472B5}"
EndProject
Project("{9A19103F-16F7-4668-BE54-9A1E7A4F7556}") = "Loops", "Loops\Loops.csproj", "{FDDAE0D1-14F5-49F8-86EA-B6D7CB8D7E40}"
EndProject
Project("{9A19103F-16F7-4668-BE54-9A1E7A4F7556}") = "ClassIntro", "ClassIntro\ClassIntro.csproj", "{FD35DFD8-024C-4FB2-A25E-B4BE053DF689}"
EndProject
Project("{FAE04EC0-301F-11D3-BF4B-00C04F79EFBC}") = "Methods", "Methods\Methods.csproj", "{B122F9DB-021C-4E4A-BF34-C72ADAD8A487}"
EndProject
Project("{FAE04EC0-301F-11D3-BF4B-00C04F79EFBC}") = "Math", "Math\Math.csproj", "{A5DAE3B7-431B-4709-9D5A-2D1E7BFBB070}"
EndProject
Project("{FAE04EC0-301F-11D3-BF4B-00C04F79EFBC}") = "DegerVeReferanTipler", "DegerVeReferanTipler\DegerVeReferanTipler.csproj", "{BF569F73-E71E-43A0-9463-480C630737A9}"
EndProject
Global
	GlobalSection(SolutionConfigurationPlatforms) = preSolution
		Debug|Any CPU = Debug|Any CPU
		Release|Any CPU = Release|Any CPU
	EndGlobalSection
	GlobalSection(ProjectConfigurationPlatforms) = postSolution
		{DE0E1DA5-785C-493A-B960-D491CCC472B5}.Debug|Any CPU.ActiveCfg = Debug|Any CPU
		{DE0E1DA5-785C-493A-B960-D491CCC472B5}.Debug|Any CPU.Build.0 = Debug|Any CPU
		{DE0E1DA5-785C-493A-B960-D491CCC472B5}.Release|Any CPU.ActiveCfg = Release|Any CPU
		{DE0E1DA5-785C-493A-B960-D491CCC472B5}.Release|Any CPU.Build.0 = Release|Any CPU
		{FDDAE0D1-14F5-49F8-86EA-B6D7CB8D7E40}.Debug|Any CPU.ActiveCfg = Debug|Any CPU
		{FDDAE0D1-14F5-49F8-86EA-B6D7CB8D7E40}.Debug|Any CPU.Build.0 = Debug|Any CPU
		{FDDAE0D1-14F5-49F8-86EA-B6D7CB8D7E40}.Release|Any CPU.ActiveCfg = Release|Any CPU
		{FDDAE0D1-14F5-49F8-86EA-B6D7CB8D7E40}.Release|Any CPU.Build.0 = Release|Any CPU
		{FD35DFD8-024C-4FB2-A25E-B4BE053DF689}.Debug|Any CPU.ActiveCfg = Debug|Any CPU
		{FD35DFD8-024C-4FB2-A25E-B4BE053DF689}.Debug|Any CPU.Build.0 = Debug|Any CPU
		{FD35DFD8-024C-4FB2-A25E-B4BE053DF689}.Release|Any CPU.ActiveCfg = Release|Any CPU
		{FD35DFD8-024C-4FB2-A25E-B4BE053DF689}.Release|Any CPU.Build.0 = Release|Any CPU
		{B122F9DB-021C-4E4A-BF34-C72ADAD8A487}.Debug|Any CPU.ActiveCfg = Debug|Any CPU
		{B122F9DB-021C-4E4A-BF34-C72ADAD8A487}.Debug|Any CPU.Build.0 = Debug|Any CPU
		{B122F9DB-021C-4E4A-BF34-C72ADAD8A487}.Release|Any CPU.ActiveCfg = Release|Any CPU
		{B122F9DB-021C-4E4A-BF34-C72ADAD8A487}.Release|Any CPU.Build.0 = Release|Any CPU
		{A5DAE3B7-431B-4709-9D5A-2D1E7BFBB070}.Debug|Any CPU.ActiveCfg = Debug|Any CPU
		{A5DAE3B7-431B-4709-9D5A-2D1E7BFBB070}.Debug|Any CPU.Build.0 = Debug|Any CPU
		{A5DAE3B7-431B-4709-9D5A-2D1E7BFBB070}.Release|Any CPU.ActiveCfg = Release|Any CPU
		{A5DAE3B7-431B-4709-9D5A-2D1E7BFBB070}.Release|Any CPU.Build.0 = Release|Any CPU
		{BF569F73-E71E-43A0-9463-480C630737A9}.Debug|Any CPU.ActiveCfg = Debug|Any CPU
		{BF569F73-E71E-43A0-9463-480C630737A9}.Debug|Any CPU.Build.0 = Debug|Any CPU
		{BF569F73-E71E-43A0-9463-480C630737A9}.Release|Any CPU.ActiveCfg = Release|Any CPU
		{BF569F73-E71E-43A0-9463-480C630737A9}.Release|Any CPU.Build.0 = Release|Any CPU
	EndGlobalSection
	GlobalSection(SolutionProperties) = preSolution
		HideSolutionNode = FALSE
	EndGlobalSection
	GlobalSection(ExtensibilityGlobals) = postSolution
		SolutionGuid = {2F5E31AE-F6AF-40CB-94B5-505A70854C5E}
	EndGlobalSection
EndGlobal
