
Microsoft Visual Studio Solution File, Format Version 12.00
# Visual Studio Version 17
VisualStudioVersion = 17.1.32407.343
MinimumVisualStudioVersion = 10.0.40219.1
Project("{9A19103F-16F7-4668-BE54-9A1E7A4F7556}") = "FirstDuty", "FirstDuty.csproj", "{6CB73DAD-5178-46C1-99D1-1ADEE50E679C}"
EndProject
Project("{FAE04EC0-301F-11D3-BF4B-00C04F79EFBC}") = "SecondDuty", "..\..\..\..\Desktop\LabirentAssignment\SecondDuty\SecondDuty.csproj", "{B4277453-ACC6-4ADE-ABC0-B7F93C7AC86C}"
EndProject
Global
	GlobalSection(SolutionConfigurationPlatforms) = preSolution
		Debug|Any CPU = Debug|Any CPU
		Release|Any CPU = Release|Any CPU
	EndGlobalSection
	GlobalSection(ProjectConfigurationPlatforms) = postSolution
		{6CB73DAD-5178-46C1-99D1-1ADEE50E679C}.Debug|Any CPU.ActiveCfg = Debug|Any CPU
		{6CB73DAD-5178-46C1-99D1-1ADEE50E679C}.Debug|Any CPU.Build.0 = Debug|Any CPU
		{6CB73DAD-5178-46C1-99D1-1ADEE50E679C}.Release|Any CPU.ActiveCfg = Release|Any CPU
		{6CB73DAD-5178-46C1-99D1-1ADEE50E679C}.Release|Any CPU.Build.0 = Release|Any CPU
		{B4277453-ACC6-4ADE-ABC0-B7F93C7AC86C}.Debug|Any CPU.ActiveCfg = Debug|Any CPU
		{B4277453-ACC6-4ADE-ABC0-B7F93C7AC86C}.Debug|Any CPU.Build.0 = Debug|Any CPU
		{B4277453-ACC6-4ADE-ABC0-B7F93C7AC86C}.Release|Any CPU.ActiveCfg = Release|Any CPU
		{B4277453-ACC6-4ADE-ABC0-B7F93C7AC86C}.Release|Any CPU.Build.0 = Release|Any CPU
	EndGlobalSection
	GlobalSection(SolutionProperties) = preSolution
		HideSolutionNode = FALSE
	EndGlobalSection
	GlobalSection(ExtensibilityGlobals) = postSolution
		SolutionGuid = {6A841324-77BE-4635-9D7F-AE047B74550D}
	EndGlobalSection
EndGlobal
