
Microsoft Visual Studio Solution File, Format Version 12.00
# Visual Studio Version 17
VisualStudioVersion = 17.1.32407.343
MinimumVisualStudioVersion = 10.0.40219.1
Project("{FAE04EC0-301F-11D3-BF4B-00C04F79EFBC}") = "OOP2", "OOP2.csproj", "{05723E6E-ADF0-48CE-9CBD-8D54E6583E13}"
EndProject
Project("{FAE04EC0-301F-11D3-BF4B-00C04F79EFBC}") = "OOP3", "..\OOP3\OOP3.csproj", "{FD0F3F36-3229-49AA-A8D1-96FE62B420C2}"
EndProject
Global
	GlobalSection(SolutionConfigurationPlatforms) = preSolution
		Debug|Any CPU = Debug|Any CPU
		Release|Any CPU = Release|Any CPU
	EndGlobalSection
	GlobalSection(ProjectConfigurationPlatforms) = postSolution
		{05723E6E-ADF0-48CE-9CBD-8D54E6583E13}.Debug|Any CPU.ActiveCfg = Debug|Any CPU
		{05723E6E-ADF0-48CE-9CBD-8D54E6583E13}.Debug|Any CPU.Build.0 = Debug|Any CPU
		{05723E6E-ADF0-48CE-9CBD-8D54E6583E13}.Release|Any CPU.ActiveCfg = Release|Any CPU
		{05723E6E-ADF0-48CE-9CBD-8D54E6583E13}.Release|Any CPU.Build.0 = Release|Any CPU
		{FD0F3F36-3229-49AA-A8D1-96FE62B420C2}.Debug|Any CPU.ActiveCfg = Debug|Any CPU
		{FD0F3F36-3229-49AA-A8D1-96FE62B420C2}.Debug|Any CPU.Build.0 = Debug|Any CPU
		{FD0F3F36-3229-49AA-A8D1-96FE62B420C2}.Release|Any CPU.ActiveCfg = Release|Any CPU
		{FD0F3F36-3229-49AA-A8D1-96FE62B420C2}.Release|Any CPU.Build.0 = Release|Any CPU
	EndGlobalSection
	GlobalSection(SolutionProperties) = preSolution
		HideSolutionNode = FALSE
	EndGlobalSection
	GlobalSection(ExtensibilityGlobals) = postSolution
		SolutionGuid = {968F710E-4B79-4DA2-AF5D-A19357DC306D}
	EndGlobalSection
EndGlobal
